{
  "nodes": {
    "flakeNimbleLib": {
      "inputs": {
        "nixpkgs": [
          "nixpkgs"
        ]
      },
      "locked": {
        "lastModified": 1662018438,
        "narHash": "sha256-QtNtU6+LX3Wokxf0zlFwKTFOcn6TeDjKQZ+DA9OYtvM=",
        "owner": "riinr",
        "repo": "nim-flakes-lib",
        "rev": "b1fe8340736e3a85d25c709ac3dfd82a55c03cbf",
        "type": "github"
      },
      "original": {
        "owner": "riinr",
        "ref": "master",
        "repo": "nim-flakes-lib",
        "type": "github"
      }
    },
    "nixpkgs": {
      "locked": {
        "lastModified": 1667199707,
        "narHash": "sha256-I2Js3Y7gUyVSEXPULHlBoRek4Lh85vnevdS6mdvDNLI=",
        "owner": "NixOS",
        "repo": "nixpkgs",
        "rev": "ced197be72099edcfa68ebed8b87af7b04851f45",
        "type": "github"
      },
      "original": {
        "id": "nixpkgs",
        "type": "indirect"
      }
    },
    "root": {
      "inputs": {
        "flakeNimbleLib": "flakeNimbleLib",
        "nixpkgs": "nixpkgs",
        "sumtypes-master": "sumtypes-master"
      }
    },
    "src-sumtypes-master": {
      "flake": false,
      "locked": {
        "lastModified": 1645869460,
        "narHash": "sha256-++Mm4UcTmwQL05DVJFWbSFyPlSIdEZ0FQMa5YWI4LII=",
        "owner": "beef331",
        "repo": "sumtypes",
        "rev": "e0951418317195bce2b867a0d9c9ec9d19de2ca5",
        "type": "github"
      },
      "original": {
        "owner": "beef331",
        "ref": "refs/heads/master",
        "repo": "sumtypes",
        "type": "github"
      }
    },
    "sumtypes-master": {
      "inputs": {
        "flakeNimbleLib": [
          "flakeNimbleLib"
        ],
        "nixpkgs": [
          "nixpkgs"
        ],
        "src-sumtypes-master": "src-sumtypes-master"
      },
      "locked": {
        "dir": "master",
        "lastModified": 1667322716,
        "narHash": "sha256-oke6osShc6W2t+p/RNJBURoxgglWuH+8uxYadW6UX2M=",
        "owner": "nim-nix-pkgs",
        "repo": "sumtypes",
        "rev": "53c4954d32fc96bca3cc7eeb2880c7e964b8e368",
        "type": "github"
      },
      "original": {
        "dir": "master",
        "owner": "nim-nix-pkgs",
        "ref": "master",
        "repo": "sumtypes",
        "type": "github"
      }
    }
  },
  "root": "root",
  "version": 7
}
